// !$*UTF8*$!
{
	archiveVersion = 1;
	classes = {
	};
	objectVersion = 50;
	objects = {

/* Begin PBXBuildFile section */
		C428F3E52729936100F83737 /* ApiResponse.swift in Sources */ = {isa = PBXBuildFile; fileRef = C428F3E42729936100F83737 /* ApiResponse.swift */; };
		C428F3E92732BB7000F83737 /* EnterpriseView.swift in Sources */ = {isa = PBXBuildFile; fileRef = C428F3E82732BB7000F83737 /* EnterpriseView.swift */; };
		C428F3ED2732E14A00F83737 /* logo.png in Resources */ = {isa = PBXBuildFile; fileRef = C428F3EC2732E14A00F83737 /* logo.png */; };
		C428F3EF2732E23800F83737 /* Enterprise.swift in Sources */ = {isa = PBXBuildFile; fileRef = C428F3EE2732E23800F83737 /* Enterprise.swift */; };
		C4466D1526FB568400F51273 /* BastionApp.swift in Sources */ = {isa = PBXBuildFile; fileRef = C4466D1426FB568400F51273 /* BastionApp.swift */; };
		C4466D1726FB568400F51273 /* LoginView.swift in Sources */ = {isa = PBXBuildFile; fileRef = C4466D1626FB568400F51273 /* LoginView.swift */; };
		C4466D1926FB568500F51273 /* Assets.xcassets in Resources */ = {isa = PBXBuildFile; fileRef = C4466D1826FB568500F51273 /* Assets.xcassets */; };
		C4466D1C26FB568500F51273 /* Preview Assets.xcassets in Resources */ = {isa = PBXBuildFile; fileRef = C4466D1B26FB568500F51273 /* Preview Assets.xcassets */; };
		C4466D3226FB568500F51273 /* bastionUITests.swift in Sources */ = {isa = PBXBuildFile; fileRef = C4466D3126FB568500F51273 /* bastionUITests.swift */; };
		C46250EF27078DFE00794769 /* UserManager.swift in Sources */ = {isa = PBXBuildFile; fileRef = C46250EE27078DFE00794769 /* UserManager.swift */; };
		C46250F2270794A200794769 /* Credentials.swift in Sources */ = {isa = PBXBuildFile; fileRef = C46250F1270794A200794769 /* Credentials.swift */; };
		C46250F52707951600794769 /* ApiService.swift in Sources */ = {isa = PBXBuildFile; fileRef = C46250F42707951600794769 /* ApiService.swift */; };
		C46250F727079A6300794769 /* TabNavigation.swift in Sources */ = {isa = PBXBuildFile; fileRef = C46250F627079A6300794769 /* TabNavigation.swift */; };
		C46250F927079A9F00794769 /* Authentication.swift in Sources */ = {isa = PBXBuildFile; fileRef = C46250F827079A9F00794769 /* Authentication.swift */; };
		C46518B5270DD37000D3FFBA /* Balise.swift in Sources */ = {isa = PBXBuildFile; fileRef = C46518B4270DD37000D3FFBA /* Balise.swift */; };
		C46518B7270DF70800D3FFBA /* BaliseDetailView.swift in Sources */ = {isa = PBXBuildFile; fileRef = C46518B6270DF70800D3FFBA /* BaliseDetailView.swift */; };
		C47FA6C2272350A5006148CF /* BaliseView.swift in Sources */ = {isa = PBXBuildFile; fileRef = C47FA6C1272350A5006148CF /* BaliseView.swift */; };
		C47FA6C4272350D6006148CF /* GameView.swift in Sources */ = {isa = PBXBuildFile; fileRef = C47FA6C3272350D6006148CF /* GameView.swift */; };
		C4B6D6EE2710C67B00794A9E /* AddBaliseView.swift in Sources */ = {isa = PBXBuildFile; fileRef = C4B6D6ED2710C67B00794A9E /* AddBaliseView.swift */; };
		C4B6D6F02710C7EA00794A9E /* BaliseManager.swift in Sources */ = {isa = PBXBuildFile; fileRef = C4B6D6EF2710C7EA00794A9E /* BaliseManager.swift */; };
		C4B6D6F22710CE8200794A9E /* BLEManager.swift in Sources */ = {isa = PBXBuildFile; fileRef = C4B6D6F12710CE8200794A9E /* BLEManager.swift */; };
		C4B6D6F42710DD2300794A9E /* BLEPeripheral.swift in Sources */ = {isa = PBXBuildFile; fileRef = C4B6D6F32710DD2300794A9E /* BLEPeripheral.swift */; };
		C4BFBA5A2735B342004BDBD8 /* Account.swift in Sources */ = {isa = PBXBuildFile; fileRef = C4BFBA592735B342004BDBD8 /* Account.swift */; };
		C4F1E1602757CD2200FADA3D /* GameManager.swift in Sources */ = {isa = PBXBuildFile; fileRef = C4F1E15F2757CD2200FADA3D /* GameManager.swift */; };
		C4F1E1622757D02400FADA3D /* Game.swift in Sources */ = {isa = PBXBuildFile; fileRef = C4F1E1612757D02400FADA3D /* Game.swift */; };
/* End PBXBuildFile section */

/* Begin PBXContainerItemProxy section */
		C4466D2E26FB568500F51273 /* PBXContainerItemProxy */ = {
			isa = PBXContainerItemProxy;
			containerPortal = C4466D0926FB568400F51273 /* Project object */;
			proxyType = 1;
			remoteGlobalIDString = C4466D1026FB568400F51273;
			remoteInfo = bastion;
		};
/* End PBXContainerItemProxy section */

/* Begin PBXFileReference section */
		C428F3E42729936100F83737 /* ApiResponse.swift */ = {isa = PBXFileReference; lastKnownFileType = sourcecode.swift; path = ApiResponse.swift; sourceTree = "<group>"; };
		C428F3E82732BB7000F83737 /* EnterpriseView.swift */ = {isa = PBXFileReference; lastKnownFileType = sourcecode.swift; path = EnterpriseView.swift; sourceTree = "<group>"; };
		C428F3EC2732E14A00F83737 /* logo.png */ = {isa = PBXFileReference; lastKnownFileType = image.png; name = logo.png; path = Assets.xcassets/Logo.imageset/logo.png; sourceTree = "<group>"; };
		C428F3EE2732E23800F83737 /* Enterprise.swift */ = {isa = PBXFileReference; lastKnownFileType = sourcecode.swift; path = Enterprise.swift; sourceTree = "<group>"; };
		C4466D1126FB568400F51273 /* bastion.app */ = {isa = PBXFileReference; explicitFileType = wrapper.application; includeInIndex = 0; path = bastion.app; sourceTree = BUILT_PRODUCTS_DIR; };
		C4466D1426FB568400F51273 /* BastionApp.swift */ = {isa = PBXFileReference; lastKnownFileType = sourcecode.swift; path = BastionApp.swift; sourceTree = "<group>"; };
		C4466D1626FB568400F51273 /* LoginView.swift */ = {isa = PBXFileReference; lastKnownFileType = sourcecode.swift; path = LoginView.swift; sourceTree = "<group>"; };
		C4466D1826FB568500F51273 /* Assets.xcassets */ = {isa = PBXFileReference; lastKnownFileType = folder.assetcatalog; path = Assets.xcassets; sourceTree = "<group>"; };
		C4466D1B26FB568500F51273 /* Preview Assets.xcassets */ = {isa = PBXFileReference; lastKnownFileType = folder.assetcatalog; path = "Preview Assets.xcassets"; sourceTree = "<group>"; };
		C4466D1D26FB568500F51273 /* Info.plist */ = {isa = PBXFileReference; lastKnownFileType = text.plist.xml; path = Info.plist; sourceTree = "<group>"; };
		C4466D2D26FB568500F51273 /* bastionUITests.xctest */ = {isa = PBXFileReference; explicitFileType = wrapper.cfbundle; includeInIndex = 0; path = bastionUITests.xctest; sourceTree = BUILT_PRODUCTS_DIR; };
		C4466D3126FB568500F51273 /* bastionUITests.swift */ = {isa = PBXFileReference; lastKnownFileType = sourcecode.swift; path = bastionUITests.swift; sourceTree = "<group>"; };
		C4466D3326FB568500F51273 /* Info.plist */ = {isa = PBXFileReference; lastKnownFileType = text.plist.xml; path = Info.plist; sourceTree = "<group>"; };
		C46250EE27078DFE00794769 /* UserManager.swift */ = {isa = PBXFileReference; lastKnownFileType = sourcecode.swift; path = UserManager.swift; sourceTree = "<group>"; };
		C46250F1270794A200794769 /* Credentials.swift */ = {isa = PBXFileReference; lastKnownFileType = sourcecode.swift; path = Credentials.swift; sourceTree = "<group>"; };
		C46250F42707951600794769 /* ApiService.swift */ = {isa = PBXFileReference; lastKnownFileType = sourcecode.swift; path = ApiService.swift; sourceTree = "<group>"; };
		C46250F627079A6300794769 /* TabNavigation.swift */ = {isa = PBXFileReference; lastKnownFileType = sourcecode.swift; path = TabNavigation.swift; sourceTree = "<group>"; };
		C46250F827079A9F00794769 /* Authentication.swift */ = {isa = PBXFileReference; lastKnownFileType = sourcecode.swift; path = Authentication.swift; sourceTree = "<group>"; };
		C46518B4270DD37000D3FFBA /* Balise.swift */ = {isa = PBXFileReference; lastKnownFileType = sourcecode.swift; path = Balise.swift; sourceTree = "<group>"; };
		C46518B6270DF70800D3FFBA /* BaliseDetailView.swift */ = {isa = PBXFileReference; lastKnownFileType = sourcecode.swift; path = BaliseDetailView.swift; sourceTree = "<group>"; };
		C47FA6C1272350A5006148CF /* BaliseView.swift */ = {isa = PBXFileReference; lastKnownFileType = sourcecode.swift; path = BaliseView.swift; sourceTree = "<group>"; };
		C47FA6C3272350D6006148CF /* GameView.swift */ = {isa = PBXFileReference; lastKnownFileType = sourcecode.swift; path = GameView.swift; sourceTree = "<group>"; };
		C4B6D6ED2710C67B00794A9E /* AddBaliseView.swift */ = {isa = PBXFileReference; lastKnownFileType = sourcecode.swift; path = AddBaliseView.swift; sourceTree = "<group>"; };
		C4B6D6EF2710C7EA00794A9E /* BaliseManager.swift */ = {isa = PBXFileReference; lastKnownFileType = sourcecode.swift; path = BaliseManager.swift; sourceTree = "<group>"; };
		C4B6D6F12710CE8200794A9E /* BLEManager.swift */ = {isa = PBXFileReference; lastKnownFileType = sourcecode.swift; path = BLEManager.swift; sourceTree = "<group>"; };
		C4B6D6F32710DD2300794A9E /* BLEPeripheral.swift */ = {isa = PBXFileReference; lastKnownFileType = sourcecode.swift; path = BLEPeripheral.swift; sourceTree = "<group>"; };
		C4BFBA592735B342004BDBD8 /* Account.swift */ = {isa = PBXFileReference; lastKnownFileType = sourcecode.swift; path = Account.swift; sourceTree = "<group>"; };
		C4F1E15F2757CD2200FADA3D /* GameManager.swift */ = {isa = PBXFileReference; lastKnownFileType = sourcecode.swift; path = GameManager.swift; sourceTree = "<group>"; };
		C4F1E1612757D02400FADA3D /* Game.swift */ = {isa = PBXFileReference; lastKnownFileType = sourcecode.swift; path = Game.swift; sourceTree = "<group>"; };
/* End PBXFileReference section */

/* Begin PBXFrameworksBuildPhase section */
		C4466D0E26FB568400F51273 /* Frameworks */ = {
			isa = PBXFrameworksBuildPhase;
			buildActionMask = 2147483647;
			files = (
			);
			runOnlyForDeploymentPostprocessing = 0;
		};
		C4466D2A26FB568500F51273 /* Frameworks */ = {
			isa = PBXFrameworksBuildPhase;
			buildActionMask = 2147483647;
			files = (
			);
			runOnlyForDeploymentPostprocessing = 0;
		};
/* End PBXFrameworksBuildPhase section */

/* Begin PBXGroup section */
		C4466D0826FB568400F51273 = {
			isa = PBXGroup;
			children = (
				C4466D1326FB568400F51273 /* bastion */,
				C4466D3026FB568500F51273 /* bastionUITests */,
				C4466D1226FB568400F51273 /* Products */,
			);
			sourceTree = "<group>";
		};
		C4466D1226FB568400F51273 /* Products */ = {
			isa = PBXGroup;
			children = (
				C4466D1126FB568400F51273 /* bastion.app */,
				C4466D2D26FB568500F51273 /* bastionUITests.xctest */,
			);
			name = Products;
			sourceTree = "<group>";
		};
		C4466D1326FB568400F51273 /* bastion */ = {
			isa = PBXGroup;
			children = (
				C428F3EC2732E14A00F83737 /* logo.png */,
				C4466D1426FB568400F51273 /* BastionApp.swift */,
				C46250F32707950A00794769 /* Services */,
				C46250F02707949500794769 /* Models */,
				C4466D4226FB724700F51273 /* ViewModels */,
				C4466D4126FB723800F51273 /* Views */,
				C4466D1826FB568500F51273 /* Assets.xcassets */,
				C4466D1D26FB568500F51273 /* Info.plist */,
				C4466D1A26FB568500F51273 /* Preview Content */,
			);
			path = bastion;
			sourceTree = "<group>";
		};
		C4466D1A26FB568500F51273 /* Preview Content */ = {
			isa = PBXGroup;
			children = (
				C4466D1B26FB568500F51273 /* Preview Assets.xcassets */,
			);
			path = "Preview Content";
			sourceTree = "<group>";
		};
		C4466D3026FB568500F51273 /* bastionUITests */ = {
			isa = PBXGroup;
			children = (
				C4466D3126FB568500F51273 /* bastionUITests.swift */,
				C4466D3326FB568500F51273 /* Info.plist */,
			);
			path = bastionUITests;
			sourceTree = "<group>";
		};
		C4466D4126FB723800F51273 /* Views */ = {
			isa = PBXGroup;
			children = (
				C4466D1626FB568400F51273 /* LoginView.swift */,
				C46250F627079A6300794769 /* TabNavigation.swift */,
				C46518B6270DF70800D3FFBA /* BaliseDetailView.swift */,
				C4B6D6ED2710C67B00794A9E /* AddBaliseView.swift */,
				C47FA6C1272350A5006148CF /* BaliseView.swift */,
				C47FA6C3272350D6006148CF /* GameView.swift */,
				C428F3E82732BB7000F83737 /* EnterpriseView.swift */,
			);
			path = Views;
			sourceTree = "<group>";
		};
		C4466D4226FB724700F51273 /* ViewModels */ = {
			isa = PBXGroup;
			children = (
				C4B6D6EF2710C7EA00794A9E /* BaliseManager.swift */,
				C46250EE27078DFE00794769 /* UserManager.swift */,
				C4B6D6F12710CE8200794A9E /* BLEManager.swift */,
				C4F1E15F2757CD2200FADA3D /* GameManager.swift */,
			);
			path = ViewModels;
			sourceTree = "<group>";
		};
		C46250F02707949500794769 /* Models */ = {
			isa = PBXGroup;
			children = (
				C46250F1270794A200794769 /* Credentials.swift */,
				C46250F827079A9F00794769 /* Authentication.swift */,
				C46518B4270DD37000D3FFBA /* Balise.swift */,
				C4B6D6F32710DD2300794A9E /* BLEPeripheral.swift */,
				C428F3EE2732E23800F83737 /* Enterprise.swift */,
				C4BFBA592735B342004BDBD8 /* Account.swift */,
				C4F1E1612757D02400FADA3D /* Game.swift */,
			);
			path = Models;
			sourceTree = "<group>";
		};
		C46250F32707950A00794769 /* Services */ = {
			isa = PBXGroup;
			children = (
				C46250F42707951600794769 /* ApiService.swift */,
				C428F3E42729936100F83737 /* ApiResponse.swift */,
			);
			path = Services;
			sourceTree = "<group>";
		};
/* End PBXGroup section */

/* Begin PBXNativeTarget section */
		C4466D1026FB568400F51273 /* bastion */ = {
			isa = PBXNativeTarget;
			buildConfigurationList = C4466D3626FB568500F51273 /* Build configuration list for PBXNativeTarget "bastion" */;
			buildPhases = (
				C4466D0D26FB568400F51273 /* Sources */,
				C4466D0E26FB568400F51273 /* Frameworks */,
				C4466D0F26FB568400F51273 /* Resources */,
			);
			buildRules = (
			);
			dependencies = (
			);
			name = bastion;
			productName = bastion;
			productReference = C4466D1126FB568400F51273 /* bastion.app */;
			productType = "com.apple.product-type.application";
		};
		C4466D2C26FB568500F51273 /* bastionUITests */ = {
			isa = PBXNativeTarget;
			buildConfigurationList = C4466D3C26FB568500F51273 /* Build configuration list for PBXNativeTarget "bastionUITests" */;
			buildPhases = (
				C4466D2926FB568500F51273 /* Sources */,
				C4466D2A26FB568500F51273 /* Frameworks */,
				C4466D2B26FB568500F51273 /* Resources */,
			);
			buildRules = (
			);
			dependencies = (
				C4466D2F26FB568500F51273 /* PBXTargetDependency */,
			);
			name = bastionUITests;
			productName = bastionUITests;
			productReference = C4466D2D26FB568500F51273 /* bastionUITests.xctest */;
			productType = "com.apple.product-type.bundle.ui-testing";
		};
/* End PBXNativeTarget section */

/* Begin PBXProject section */
		C4466D0926FB568400F51273 /* Project object */ = {
			isa = PBXProject;
			attributes = {
				LastSwiftUpdateCheck = 1250;
				LastUpgradeCheck = 1250;
				TargetAttributes = {
					C4466D1026FB568400F51273 = {
						CreatedOnToolsVersion = 12.5.1;
					};
					C4466D2C26FB568500F51273 = {
						CreatedOnToolsVersion = 12.5.1;
						TestTargetID = C4466D1026FB568400F51273;
					};
				};
			};
			buildConfigurationList = C4466D0C26FB568400F51273 /* Build configuration list for PBXProject "bastion" */;
			compatibilityVersion = "Xcode 9.3";
			developmentRegion = en;
			hasScannedForEncodings = 0;
			knownRegions = (
				en,
				Base,
			);
			mainGroup = C4466D0826FB568400F51273;
			productRefGroup = C4466D1226FB568400F51273 /* Products */;
			projectDirPath = "";
			projectRoot = "";
			targets = (
				C4466D1026FB568400F51273 /* bastion */,
				C4466D2C26FB568500F51273 /* bastionUITests */,
			);
		};
/* End PBXProject section */

/* Begin PBXResourcesBuildPhase section */
		C4466D0F26FB568400F51273 /* Resources */ = {
			isa = PBXResourcesBuildPhase;
			buildActionMask = 2147483647;
			files = (
				C428F3ED2732E14A00F83737 /* logo.png in Resources */,
				C4466D1C26FB568500F51273 /* Preview Assets.xcassets in Resources */,
				C4466D1926FB568500F51273 /* Assets.xcassets in Resources */,
			);
			runOnlyForDeploymentPostprocessing = 0;
		};
		C4466D2B26FB568500F51273 /* Resources */ = {
			isa = PBXResourcesBuildPhase;
			buildActionMask = 2147483647;
			files = (
			);
			runOnlyForDeploymentPostprocessing = 0;
		};
/* End PBXResourcesBuildPhase section */

/* Begin PBXSourcesBuildPhase section */
		C4466D0D26FB568400F51273 /* Sources */ = {
			isa = PBXSourcesBuildPhase;
			buildActionMask = 2147483647;
			files = (
				C47FA6C2272350A5006148CF /* BaliseView.swift in Sources */,
				C428F3E92732BB7000F83737 /* EnterpriseView.swift in Sources */,
				C46250F927079A9F00794769 /* Authentication.swift in Sources */,
				C4B6D6F22710CE8200794A9E /* BLEManager.swift in Sources */,
				C428F3EF2732E23800F83737 /* Enterprise.swift in Sources */,
				C46250EF27078DFE00794769 /* UserManager.swift in Sources */,
				C47FA6C4272350D6006148CF /* GameView.swift in Sources */,
				C4BFBA5A2735B342004BDBD8 /* Account.swift in Sources */,
				C428F3E52729936100F83737 /* ApiResponse.swift in Sources */,
				C4F1E1602757CD2200FADA3D /* GameManager.swift in Sources */,
				C46250F52707951600794769 /* ApiService.swift in Sources */,
				C46250F727079A6300794769 /* TabNavigation.swift in Sources */,
				C4466D1726FB568400F51273 /* LoginView.swift in Sources */,
				C4B6D6F42710DD2300794A9E /* BLEPeripheral.swift in Sources */,
				C46518B7270DF70800D3FFBA /* BaliseDetailView.swift in Sources */,
				C4B6D6EE2710C67B00794A9E /* AddBaliseView.swift in Sources */,
				C4F1E1622757D02400FADA3D /* Game.swift in Sources */,
				C46250F2270794A200794769 /* Credentials.swift in Sources */,
				C4B6D6F02710C7EA00794A9E /* BaliseManager.swift in Sources */,
				C4466D1526FB568400F51273 /* BastionApp.swift in Sources */,
				C46518B5270DD37000D3FFBA /* Balise.swift in Sources */,
			);
			runOnlyForDeploymentPostprocessing = 0;
		};
		C4466D2926FB568500F51273 /* Sources */ = {
			isa = PBXSourcesBuildPhase;
			buildActionMask = 2147483647;
			files = (
				C4466D3226FB568500F51273 /* bastionUITests.swift in Sources */,
			);
			runOnlyForDeploymentPostprocessing = 0;
		};
/* End PBXSourcesBuildPhase section */

/* Begin PBXTargetDependency section */
		C4466D2F26FB568500F51273 /* PBXTargetDependency */ = {
			isa = PBXTargetDependency;
			target = C4466D1026FB568400F51273 /* bastion */;
			targetProxy = C4466D2E26FB568500F51273 /* PBXContainerItemProxy */;
		};
/* End PBXTargetDependency section */

/* Begin XCBuildConfiguration section */
		C4466D3426FB568500F51273 /* Debug */ = {
			isa = XCBuildConfiguration;
			buildSettings = {
				ALWAYS_SEARCH_USER_PATHS = NO;
				CLANG_ANALYZER_NONNULL = YES;
				CLANG_ANALYZER_NUMBER_OBJECT_CONVERSION = YES_AGGRESSIVE;
				CLANG_CXX_LANGUAGE_STANDARD = "gnu++14";
				CLANG_CXX_LIBRARY = "libc++";
				CLANG_ENABLE_MODULES = YES;
				CLANG_ENABLE_OBJC_ARC = YES;
				CLANG_ENABLE_OBJC_WEAK = YES;
				CLANG_WARN_BLOCK_CAPTURE_AUTORELEASING = YES;
				CLANG_WARN_BOOL_CONVERSION = YES;
				CLANG_WARN_COMMA = YES;
				CLANG_WARN_CONSTANT_CONVERSION = YES;
				CLANG_WARN_DEPRECATED_OBJC_IMPLEMENTATIONS = YES;
				CLANG_WARN_DIRECT_OBJC_ISA_USAGE = YES_ERROR;
				CLANG_WARN_DOCUMENTATION_COMMENTS = YES;
				CLANG_WARN_EMPTY_BODY = YES;
				CLANG_WARN_ENUM_CONVERSION = YES;
				CLANG_WARN_INFINITE_RECURSION = YES;
				CLANG_WARN_INT_CONVERSION = YES;
				CLANG_WARN_NON_LITERAL_NULL_CONVERSION = YES;
				CLANG_WARN_OBJC_IMPLICIT_RETAIN_SELF = YES;
				CLANG_WARN_OBJC_LITERAL_CONVERSION = YES;
				CLANG_WARN_OBJC_ROOT_CLASS = YES_ERROR;
				CLANG_WARN_QUOTED_INCLUDE_IN_FRAMEWORK_HEADER = YES;
				CLANG_WARN_RANGE_LOOP_ANALYSIS = YES;
				CLANG_WARN_STRICT_PROTOTYPES = YES;
				CLANG_WARN_SUSPICIOUS_MOVE = YES;
				CLANG_WARN_UNGUARDED_AVAILABILITY = YES_AGGRESSIVE;
				CLANG_WARN_UNREACHABLE_CODE = YES;
				CLANG_WARN__DUPLICATE_METHOD_MATCH = YES;
				COPY_PHASE_STRIP = NO;
				DEBUG_INFORMATION_FORMAT = dwarf;
				ENABLE_STRICT_OBJC_MSGSEND = YES;
				ENABLE_TESTABILITY = YES;
				GCC_C_LANGUAGE_STANDARD = gnu11;
				GCC_DYNAMIC_NO_PIC = NO;
				GCC_NO_COMMON_BLOCKS = YES;
				GCC_OPTIMIZATION_LEVEL = 0;
				GCC_PREPROCESSOR_DEFINITIONS = (
					"DEBUG=1",
					"$(inherited)",
				);
				GCC_WARN_64_TO_32_BIT_CONVERSION = YES;
				GCC_WARN_ABOUT_RETURN_TYPE = YES_ERROR;
				GCC_WARN_UNDECLARED_SELECTOR = YES;
				GCC_WARN_UNINITIALIZED_AUTOS = YES_AGGRESSIVE;
				GCC_WARN_UNUSED_FUNCTION = YES;
				GCC_WARN_UNUSED_VARIABLE = YES;
				IPHONEOS_DEPLOYMENT_TARGET = 14.5;
				MTL_ENABLE_DEBUG_INFO = INCLUDE_SOURCE;
				MTL_FAST_MATH = YES;
				ONLY_ACTIVE_ARCH = YES;
				SDKROOT = iphoneos;
				SWIFT_ACTIVE_COMPILATION_CONDITIONS = DEBUG;
				SWIFT_OPTIMIZATION_LEVEL = "-Onone";
			};
			name = Debug;
		};
		C4466D3526FB568500F51273 /* Release */ = {
			isa = XCBuildConfiguration;
			buildSettings = {
				ALWAYS_SEARCH_USER_PATHS = NO;
				CLANG_ANALYZER_NONNULL = YES;
				CLANG_ANALYZER_NUMBER_OBJECT_CONVERSION = YES_AGGRESSIVE;
				CLANG_CXX_LANGUAGE_STANDARD = "gnu++14";
				CLANG_CXX_LIBRARY = "libc++";
				CLANG_ENABLE_MODULES = YES;
				CLANG_ENABLE_OBJC_ARC = YES;
				CLANG_ENABLE_OBJC_WEAK = YES;
				CLANG_WARN_BLOCK_CAPTURE_AUTORELEASING = YES;
				CLANG_WARN_BOOL_CONVERSION = YES;
				CLANG_WARN_COMMA = YES;
				CLANG_WARN_CONSTANT_CONVERSION = YES;
				CLANG_WARN_DEPRECATED_OBJC_IMPLEMENTATIONS = YES;
				CLANG_WARN_DIRECT_OBJC_ISA_USAGE = YES_ERROR;
				CLANG_WARN_DOCUMENTATION_COMMENTS = YES;
				CLANG_WARN_EMPTY_BODY = YES;
				CLANG_WARN_ENUM_CONVERSION = YES;
				CLANG_WARN_INFINITE_RECURSION = YES;
				CLANG_WARN_INT_CONVERSION = YES;
				CLANG_WARN_NON_LITERAL_NULL_CONVERSION = YES;
				CLANG_WARN_OBJC_IMPLICIT_RETAIN_SELF = YES;
				CLANG_WARN_OBJC_LITERAL_CONVERSION = YES;
				CLANG_WARN_OBJC_ROOT_CLASS = YES_ERROR;
				CLANG_WARN_QUOTED_INCLUDE_IN_FRAMEWORK_HEADER = YES;
				CLANG_WARN_RANGE_LOOP_ANALYSIS = YES;
				CLANG_WARN_STRICT_PROTOTYPES = YES;
				CLANG_WARN_SUSPICIOUS_MOVE = YES;
				CLANG_WARN_UNGUARDED_AVAILABILITY = YES_AGGRESSIVE;
				CLANG_WARN_UNREACHABLE_CODE = YES;
				CLANG_WARN__DUPLICATE_METHOD_MATCH = YES;
				COPY_PHASE_STRIP = NO;
				DEBUG_INFORMATION_FORMAT = "dwarf-with-dsym";
				ENABLE_NS_ASSERTIONS = NO;
				ENABLE_STRICT_OBJC_MSGSEND = YES;
				GCC_C_LANGUAGE_STANDARD = gnu11;
				GCC_NO_COMMON_BLOCKS = YES;
				GCC_WARN_64_TO_32_BIT_CONVERSION = YES;
				GCC_WARN_ABOUT_RETURN_TYPE = YES_ERROR;
				GCC_WARN_UNDECLARED_SELECTOR = YES;
				GCC_WARN_UNINITIALIZED_AUTOS = YES_AGGRESSIVE;
				GCC_WARN_UNUSED_FUNCTION = YES;
				GCC_WARN_UNUSED_VARIABLE = YES;
				IPHONEOS_DEPLOYMENT_TARGET = 14.5;
				MTL_ENABLE_DEBUG_INFO = NO;
				MTL_FAST_MATH = YES;
				SDKROOT = iphoneos;
				SWIFT_COMPILATION_MODE = wholemodule;
				SWIFT_OPTIMIZATION_LEVEL = "-O";
				VALIDATE_PRODUCT = YES;
			};
			name = Release;
		};
		C4466D3726FB568500F51273 /* Debug */ = {
			isa = XCBuildConfiguration;
			buildSettings = {
				ASSETCATALOG_COMPILER_APPICON_NAME = AppIcon;
				ASSETCATALOG_COMPILER_GLOBAL_ACCENT_COLOR_NAME = AccentColor;
				CODE_SIGN_STYLE = Automatic;
				DEVELOPMENT_ASSET_PATHS = "\"bastion/Preview Content\"";
				DEVELOPMENT_TEAM = 2DJHGCMX5V;
				ENABLE_PREVIEWS = YES;
				INFOPLIST_FILE = bastion/Info.plist;
				IPHONEOS_DEPLOYMENT_TARGET = 15.0;
				LD_RUNPATH_SEARCH_PATHS = (
					"$(inherited)",
					"@executable_path/Frameworks",
				);
				PRODUCT_BUNDLE_IDENTIFIER = iot.bastion;
				PRODUCT_NAME = "$(TARGET_NAME)";
				SWIFT_VERSION = 5.0;
				TARGETED_DEVICE_FAMILY = "1,2";
			};
			name = Debug;
		};
		C4466D3826FB568500F51273 /* Release */ = {
			isa = XCBuildConfiguration;
			buildSettings = {
				ASSETCATALOG_COMPILER_APPICON_NAME = AppIcon;
				ASSETCATALOG_COMPILER_GLOBAL_ACCENT_COLOR_NAME = AccentColor;
				CODE_SIGN_STYLE = Automatic;
				DEVELOPMENT_ASSET_PATHS = "\"bastion/Preview Content\"";
				DEVELOPMENT_TEAM = 2DJHGCMX5V;
				ENABLE_PREVIEWS = YES;
				INFOPLIST_FILE = bastion/Info.plist;
				IPHONEOS_DEPLOYMENT_TARGET = 15.0;
				LD_RUNPATH_SEARCH_PATHS = (
					"$(inherited)",
					"@executable_path/Frameworks",
				);
				PRODUCT_BUNDLE_IDENTIFIER = iot.bastion;
				PRODUCT_NAME = "$(TARGET_NAME)";
				SWIFT_VERSION = 5.0;
				TARGETED_DEVICE_FAMILY = "1,2";
			};
			name = Release;
		};
		C4466D3D26FB568500F51273 /* Debug */ = {
			isa = XCBuildConfiguration;
			buildSettings = {
				ALWAYS_EMBED_SWIFT_STANDARD_LIBRARIES = YES;
				CODE_SIGN_STYLE = Automatic;
				DEVELOPMENT_TEAM = 2DJHGCMX5V;
				INFOPLIST_FILE = bastionUITests/Info.plist;
				LD_RUNPATH_SEARCH_PATHS = (
					"$(inherited)",
					"@executable_path/Frameworks",
					"@loader_path/Frameworks",
				);
				PRODUCT_BUNDLE_IDENTIFIER = iot.bastionUITests;
				PRODUCT_NAME = "$(TARGET_NAME)";
				SWIFT_VERSION = 5.0;
				TARGETED_DEVICE_FAMILY = "1,2";
				TEST_TARGET_NAME = bastion;
			};
			name = Debug;
		};
		C4466D3E26FB568500F51273 /* Release */ = {
			isa = XCBuildConfiguration;
			buildSettings = {
				ALWAYS_EMBED_SWIFT_STANDARD_LIBRARIES = YES;
				CODE_SIGN_STYLE = Automatic;
				DEVELOPMENT_TEAM = 2DJHGCMX5V;
				INFOPLIST_FILE = bastionUITests/Info.plist;
				LD_RUNPATH_SEARCH_PATHS = (
					"$(inherited)",
					"@executable_path/Frameworks",
					"@loader_path/Frameworks",
				);
				PRODUCT_BUNDLE_IDENTIFIER = iot.bastionUITests;
				PRODUCT_NAME = "$(TARGET_NAME)";
				SWIFT_VERSION = 5.0;
				TARGETED_DEVICE_FAMILY = "1,2";
				TEST_TARGET_NAME = bastion;
			};
			name = Release;
		};
/* End XCBuildConfiguration section */

/* Begin XCConfigurationList section */
		C4466D0C26FB568400F51273 /* Build configuration list for PBXProject "bastion" */ = {
			isa = XCConfigurationList;
			buildConfigurations = (
				C4466D3426FB568500F51273 /* Debug */,
				C4466D3526FB568500F51273 /* Release */,
			);
			defaultConfigurationIsVisible = 0;
			defaultConfigurationName = Release;
		};
		C4466D3626FB568500F51273 /* Build configuration list for PBXNativeTarget "bastion" */ = {
			isa = XCConfigurationList;
			buildConfigurations = (
				C4466D3726FB568500F51273 /* Debug */,
				C4466D3826FB568500F51273 /* Release */,
			);
			defaultConfigurationIsVisible = 0;
			defaultConfigurationName = Release;
		};
		C4466D3C26FB568500F51273 /* Build configuration list for PBXNativeTarget "bastionUITests" */ = {
			isa = XCConfigurationList;
			buildConfigurations = (
				C4466D3D26FB568500F51273 /* Debug */,
				C4466D3E26FB568500F51273 /* Release */,
			);
			defaultConfigurationIsVisible = 0;
			defaultConfigurationName = Release;
		};
/* End XCConfigurationList section */
	};
	rootObject = C4466D0926FB568400F51273 /* Project object */;
}
